
Microsoft Visual Studio Solution File, Format Version 12.00
# Visual Studio Version 17
VisualStudioVersion = 17.14.36109.1
MinimumVisualStudioVersion = 10.0.40219.1
Project("{2150E333-8FDC-42A3-9474-1A3956D46DE8}") = "Presentation", "Presentation", "{02EA681E-C7D8-13C7-8484-4AC65E1B71E8}"
EndProject
Project("{2150E333-8FDC-42A3-9474-1A3956D46DE8}") = "Application", "Application", "{20CB062C-829A-472A-95F0-1BBB33D2358B}"
EndProject
Project("{2150E333-8FDC-42A3-9474-1A3956D46DE8}") = "Domain", "Domain", "{ACD29132-3B7A-4DE2-898E-1FA19B6155B8}"
EndProject
Project("{9A19103F-16F7-4668-BE54-9A1E7A4F7556}") = "SGRH.Application", "SGRH.Application\SGRH.Application.csproj", "{FFFEF508-CA7A-4213-B7A5-E9F5BF01DD6C}"
EndProject
Project("{9A19103F-16F7-4668-BE54-9A1E7A4F7556}") = "SGRH.Domain", "SGRH.Domain\SGRH.Domain.csproj", "{F82EA2E9-B1A6-4985-99D2-C6BF2E1F10B6}"
EndProject
Project("{9A19103F-16F7-4668-BE54-9A1E7A4F7556}") = "SGRH.Web", "SGRH.Web\SGRH.Web.csproj", "{382FF092-800C-4F35-800C-E72F62DAD54E}"
EndProject
Project("{FAE04EC0-301F-11D3-BF4B-00C04F79EFBC}") = "SGRH.Desktop", "SGRH.Desktop\SGRH.Desktop.csproj", "{790E9752-D4BF-4F36-88E2-3B011C3CA46C}"
EndProject
Project("{2150E333-8FDC-42A3-9474-1A3956D46DE8}") = "Infraestructure", "Infraestructure", "{3B393859-3E1A-47D1-A42A-1E49953EDACA}"
EndProject
Project("{9A19103F-16F7-4668-BE54-9A1E7A4F7556}") = "SGRH.Persistence", "SGRH.Persistence\SGRH.Persistence.csproj", "{F5E88494-61F0-4CD8-8140-3EFD24B16939}"
EndProject
Project("{9A19103F-16F7-4668-BE54-9A1E7A4F7556}") = "SGRH.Api", "SGRH.Admin.Api\SGRH.Api.csproj", "{409982D3-C5DC-413A-B120-79D920BAE836}"
EndProject
Project("{2150E333-8FDC-42A3-9474-1A3956D46DE8}") = "API", "API", "{02C228A5-1BD2-47EB-BCDE-73CE20612966}"
EndProject
Project("{9A19103F-16F7-4668-BE54-9A1E7A4F7556}") = "SGRH.Model", "SGRH.Model\SGRH.Model.csproj", "{3A616E4B-100F-4A0C-96F5-E7AF9B240898}"
EndProject
Project("{2150E333-8FDC-42A3-9474-1A3956D46DE8}") = "IOC", "IOC", "{06099F17-1A6B-477A-B713-3EFEFD474D4C}"
EndProject
Project("{9A19103F-16F7-4668-BE54-9A1E7A4F7556}") = "SGRH.IOC", "SGRH.IOC\SGRH.IOC.csproj", "{8DFC7AE9-965E-41DB-AA93-FE6FAF00BBAC}"
EndProject
Project("{2150E333-8FDC-42A3-9474-1A3956D46DE8}") = "Test", "Test", "{F035619A-50D7-4002-AF32-B41D35C479F9}"
EndProject
Project("{9A19103F-16F7-4668-BE54-9A1E7A4F7556}") = "SGRH.Persistence.Test", "SGRH.Persistence.Test\SGRH.Persistence.Test.csproj", "{79123D6F-BCA8-4DBB-9177-5CFF4F01D539}"
EndProject
Project("{9A19103F-16F7-4668-BE54-9A1E7A4F7556}") = "SGRH.Application.Test", "SGRH.Application.Test\SGRH.Application.Test.csproj", "{C11BDAB7-557B-49F3-AC1D-FD2BC2E4EC57}"
EndProject
Project("{2150E333-8FDC-42A3-9474-1A3956D46DE8}") = "Core", "Core", "{221F5AC0-6746-42EC-B2D6-A6931A951AFE}"
EndProject
Project("{FAE04EC0-301F-11D3-BF4B-00C04F79EFBC}") = "SGRH.Infrastructure.Common", "SGRH.Infrastructure.Common\SGRH.Infrastructure.Common.csproj", "{90DA6B9C-9B3E-4B2F-9E4A-4C16C1E5BDE0}"
EndProject
Global
	GlobalSection(SolutionConfigurationPlatforms) = preSolution
		Debug|Any CPU = Debug|Any CPU
		Release|Any CPU = Release|Any CPU
	EndGlobalSection
	GlobalSection(ProjectConfigurationPlatforms) = postSolution
		{FFFEF508-CA7A-4213-B7A5-E9F5BF01DD6C}.Debug|Any CPU.ActiveCfg = Debug|Any CPU
		{FFFEF508-CA7A-4213-B7A5-E9F5BF01DD6C}.Debug|Any CPU.Build.0 = Debug|Any CPU
		{FFFEF508-CA7A-4213-B7A5-E9F5BF01DD6C}.Release|Any CPU.ActiveCfg = Release|Any CPU
		{FFFEF508-CA7A-4213-B7A5-E9F5BF01DD6C}.Release|Any CPU.Build.0 = Release|Any CPU
		{F82EA2E9-B1A6-4985-99D2-C6BF2E1F10B6}.Debug|Any CPU.ActiveCfg = Debug|Any CPU
		{F82EA2E9-B1A6-4985-99D2-C6BF2E1F10B6}.Debug|Any CPU.Build.0 = Debug|Any CPU
		{F82EA2E9-B1A6-4985-99D2-C6BF2E1F10B6}.Release|Any CPU.ActiveCfg = Release|Any CPU
		{F82EA2E9-B1A6-4985-99D2-C6BF2E1F10B6}.Release|Any CPU.Build.0 = Release|Any CPU
		{382FF092-800C-4F35-800C-E72F62DAD54E}.Debug|Any CPU.ActiveCfg = Debug|Any CPU
		{382FF092-800C-4F35-800C-E72F62DAD54E}.Debug|Any CPU.Build.0 = Debug|Any CPU
		{382FF092-800C-4F35-800C-E72F62DAD54E}.Release|Any CPU.ActiveCfg = Release|Any CPU
		{382FF092-800C-4F35-800C-E72F62DAD54E}.Release|Any CPU.Build.0 = Release|Any CPU
		{790E9752-D4BF-4F36-88E2-3B011C3CA46C}.Debug|Any CPU.ActiveCfg = Debug|Any CPU
		{790E9752-D4BF-4F36-88E2-3B011C3CA46C}.Debug|Any CPU.Build.0 = Debug|Any CPU
		{790E9752-D4BF-4F36-88E2-3B011C3CA46C}.Release|Any CPU.ActiveCfg = Release|Any CPU
		{790E9752-D4BF-4F36-88E2-3B011C3CA46C}.Release|Any CPU.Build.0 = Release|Any CPU
		{F5E88494-61F0-4CD8-8140-3EFD24B16939}.Debug|Any CPU.ActiveCfg = Debug|Any CPU
		{F5E88494-61F0-4CD8-8140-3EFD24B16939}.Debug|Any CPU.Build.0 = Debug|Any CPU
		{F5E88494-61F0-4CD8-8140-3EFD24B16939}.Release|Any CPU.ActiveCfg = Release|Any CPU
		{F5E88494-61F0-4CD8-8140-3EFD24B16939}.Release|Any CPU.Build.0 = Release|Any CPU
		{409982D3-C5DC-413A-B120-79D920BAE836}.Debug|Any CPU.ActiveCfg = Debug|Any CPU
		{409982D3-C5DC-413A-B120-79D920BAE836}.Debug|Any CPU.Build.0 = Debug|Any CPU
		{409982D3-C5DC-413A-B120-79D920BAE836}.Release|Any CPU.ActiveCfg = Release|Any CPU
		{409982D3-C5DC-413A-B120-79D920BAE836}.Release|Any CPU.Build.0 = Release|Any CPU
		{3A616E4B-100F-4A0C-96F5-E7AF9B240898}.Debug|Any CPU.ActiveCfg = Debug|Any CPU
		{3A616E4B-100F-4A0C-96F5-E7AF9B240898}.Debug|Any CPU.Build.0 = Debug|Any CPU
		{3A616E4B-100F-4A0C-96F5-E7AF9B240898}.Release|Any CPU.ActiveCfg = Release|Any CPU
		{3A616E4B-100F-4A0C-96F5-E7AF9B240898}.Release|Any CPU.Build.0 = Release|Any CPU
		{8DFC7AE9-965E-41DB-AA93-FE6FAF00BBAC}.Debug|Any CPU.ActiveCfg = Debug|Any CPU
		{8DFC7AE9-965E-41DB-AA93-FE6FAF00BBAC}.Debug|Any CPU.Build.0 = Debug|Any CPU
		{8DFC7AE9-965E-41DB-AA93-FE6FAF00BBAC}.Release|Any CPU.ActiveCfg = Release|Any CPU
		{8DFC7AE9-965E-41DB-AA93-FE6FAF00BBAC}.Release|Any CPU.Build.0 = Release|Any CPU
		{79123D6F-BCA8-4DBB-9177-5CFF4F01D539}.Debug|Any CPU.ActiveCfg = Debug|Any CPU
		{79123D6F-BCA8-4DBB-9177-5CFF4F01D539}.Debug|Any CPU.Build.0 = Debug|Any CPU
		{79123D6F-BCA8-4DBB-9177-5CFF4F01D539}.Release|Any CPU.ActiveCfg = Release|Any CPU
		{79123D6F-BCA8-4DBB-9177-5CFF4F01D539}.Release|Any CPU.Build.0 = Release|Any CPU
		{C11BDAB7-557B-49F3-AC1D-FD2BC2E4EC57}.Debug|Any CPU.ActiveCfg = Debug|Any CPU
		{C11BDAB7-557B-49F3-AC1D-FD2BC2E4EC57}.Debug|Any CPU.Build.0 = Debug|Any CPU
		{C11BDAB7-557B-49F3-AC1D-FD2BC2E4EC57}.Release|Any CPU.ActiveCfg = Release|Any CPU
		{C11BDAB7-557B-49F3-AC1D-FD2BC2E4EC57}.Release|Any CPU.Build.0 = Release|Any CPU
		{90DA6B9C-9B3E-4B2F-9E4A-4C16C1E5BDE0}.Debug|Any CPU.ActiveCfg = Debug|Any CPU
		{90DA6B9C-9B3E-4B2F-9E4A-4C16C1E5BDE0}.Debug|Any CPU.Build.0 = Debug|Any CPU
		{90DA6B9C-9B3E-4B2F-9E4A-4C16C1E5BDE0}.Release|Any CPU.ActiveCfg = Release|Any CPU
		{90DA6B9C-9B3E-4B2F-9E4A-4C16C1E5BDE0}.Release|Any CPU.Build.0 = Release|Any CPU
	EndGlobalSection
	GlobalSection(SolutionProperties) = preSolution
		HideSolutionNode = FALSE
	EndGlobalSection
	GlobalSection(NestedProjects) = preSolution
		{20CB062C-829A-472A-95F0-1BBB33D2358B} = {221F5AC0-6746-42EC-B2D6-A6931A951AFE}
		{ACD29132-3B7A-4DE2-898E-1FA19B6155B8} = {221F5AC0-6746-42EC-B2D6-A6931A951AFE}
		{FFFEF508-CA7A-4213-B7A5-E9F5BF01DD6C} = {20CB062C-829A-472A-95F0-1BBB33D2358B}
		{F82EA2E9-B1A6-4985-99D2-C6BF2E1F10B6} = {ACD29132-3B7A-4DE2-898E-1FA19B6155B8}
		{382FF092-800C-4F35-800C-E72F62DAD54E} = {02EA681E-C7D8-13C7-8484-4AC65E1B71E8}
		{790E9752-D4BF-4F36-88E2-3B011C3CA46C} = {02EA681E-C7D8-13C7-8484-4AC65E1B71E8}
		{F5E88494-61F0-4CD8-8140-3EFD24B16939} = {3B393859-3E1A-47D1-A42A-1E49953EDACA}
		{409982D3-C5DC-413A-B120-79D920BAE836} = {02C228A5-1BD2-47EB-BCDE-73CE20612966}
		{3A616E4B-100F-4A0C-96F5-E7AF9B240898} = {ACD29132-3B7A-4DE2-898E-1FA19B6155B8}
		{8DFC7AE9-965E-41DB-AA93-FE6FAF00BBAC} = {06099F17-1A6B-477A-B713-3EFEFD474D4C}
		{79123D6F-BCA8-4DBB-9177-5CFF4F01D539} = {F035619A-50D7-4002-AF32-B41D35C479F9}
		{C11BDAB7-557B-49F3-AC1D-FD2BC2E4EC57} = {F035619A-50D7-4002-AF32-B41D35C479F9}
		{90DA6B9C-9B3E-4B2F-9E4A-4C16C1E5BDE0} = {3B393859-3E1A-47D1-A42A-1E49953EDACA}
	EndGlobalSection
	GlobalSection(ExtensibilityGlobals) = postSolution
		SolutionGuid = {89FE0751-44DE-4FAD-A10A-390AB190418E}
	EndGlobalSection
EndGlobal
